
Microsoft Visual Studio Solution File, Format Version 12.00
# Visual Studio Version 17
VisualStudioVersion = 17.8.34316.72
MinimumVisualStudioVersion = 10.0.40219.1
Project("{FAE04EC0-301F-11D3-BF4B-00C04F79EFBC}") = "OtobusBiletSatisProgrami", "OtobusBiletSatisProgrami\OtobusBiletSatisProgrami.csproj", "{E3D1F81A-4786-463A-A239-2F753E732C70}"
EndProject
Global
	GlobalSection(SolutionConfigurationPlatforms) = preSolution
		Debug|Any CPU = Debug|Any CPU
		Release|Any CPU = Release|Any CPU
	EndGlobalSection
	GlobalSection(ProjectConfigurationPlatforms) = postSolution
		{E3D1F81A-4786-463A-A239-2F753E732C70}.Debug|Any CPU.ActiveCfg = Debug|Any CPU
		{E3D1F81A-4786-463A-A239-2F753E732C70}.Debug|Any CPU.Build.0 = Debug|Any CPU
		{E3D1F81A-4786-463A-A239-2F753E732C70}.Release|Any CPU.ActiveCfg = Release|Any CPU
		{E3D1F81A-4786-463A-A239-2F753E732C70}.Release|Any CPU.Build.0 = Release|Any CPU
	EndGlobalSection
	GlobalSection(SolutionProperties) = preSolution
		HideSolutionNode = FALSE
	EndGlobalSection
	GlobalSection(ExtensibilityGlobals) = postSolution
		SolutionGuid = {60315B0F-D48D-4B22-8944-6022C253225D}
	EndGlobalSection
EndGlobal
